{
  "name": "common",
  "version": "1.0.0",
  "lockfileVersion": 1,
  "requires": true,
  "dependencies": {
    "web-monitor-sdk": {
      "version": "0.0.2",
      "resolved": "https://registry.npmjs.org/web-monitor-sdk/-/web-monitor-sdk-0.0.2.tgz",
      "integrity": "sha512-jl9gMP379O303JmWlFl8M/HngQcYjyORwZnXbmfK/sFMomK0rJ8Zrhj/1lIMqIyY++P/ILUTju7oo7KLbPglcA==",
      "dev": true
    }
  }
}
